// !$*UTF8*$!
{
	archiveVersion = 1;
	classes = {
	};
	objectVersion = 46;
	objects = {

/* Begin PBXBuildFile section */
		F81277AC1BFBDCC90052A835 /* Player.cpp in Sources */ = {isa = PBXBuildFile; fileRef = F81277AA1BFBDCC90052A835 /* Player.cpp */; };
		F8547A331BFBAD4B0052A835 /* main.cpp in Sources */ = {isa = PBXBuildFile; fileRef = F8547A321BFBAD4B0052A835 /* main.cpp */; };
		F8547A3B1BFBAE080052A835 /* Deck.cpp in Sources */ = {isa = PBXBuildFile; fileRef = F8547A391BFBAE080052A835 /* Deck.cpp */; };
		F8D94AA21C10D8F50052A835 /* Dealer.cpp in Sources */ = {isa = PBXBuildFile; fileRef = F8D94AA01C10D8F50052A835 /* Dealer.cpp */; };
/* End PBXBuildFile section */

/* Begin PBXCopyFilesBuildPhase section */
		F8547A2D1BFBAD4B0052A835 /* CopyFiles */ = {
			isa = PBXCopyFilesBuildPhase;
			buildActionMask = 2147483647;
			dstPath = /usr/share/man/man1/;
			dstSubfolderSpec = 0;
			files = (
			);
			runOnlyForDeploymentPostprocessing = 1;
		};
/* End PBXCopyFilesBuildPhase section */

/* Begin PBXFileReference section */
		F81277AA1BFBDCC90052A835 /* Player.cpp */ = {isa = PBXFileReference; fileEncoding = 4; lastKnownFileType = sourcecode.cpp.cpp; path = Player.cpp; sourceTree = "<group>"; };
		F81277AB1BFBDCC90052A835 /* Player.h */ = {isa = PBXFileReference; fileEncoding = 4; lastKnownFileType = sourcecode.c.h; path = Player.h; sourceTree = "<group>"; };
		F8547A2F1BFBAD4B0052A835 /* Blackjack */ = {isa = PBXFileReference; explicitFileType = "compiled.mach-o.executable"; includeInIndex = 0; path = Blackjack; sourceTree = BUILT_PRODUCTS_DIR; };
		F8547A321BFBAD4B0052A835 /* main.cpp */ = {isa = PBXFileReference; lastKnownFileType = sourcecode.cpp.cpp; path = main.cpp; sourceTree = "<group>"; };
		F8547A391BFBAE080052A835 /* Deck.cpp */ = {isa = PBXFileReference; fileEncoding = 4; lastKnownFileType = sourcecode.cpp.cpp; path = Deck.cpp; sourceTree = "<group>"; };
		F8547A3A1BFBAE080052A835 /* Deck.h */ = {isa = PBXFileReference; fileEncoding = 4; lastKnownFileType = sourcecode.c.h; path = Deck.h; sourceTree = "<group>"; };
		F8D94AA01C10D8F50052A835 /* Dealer.cpp */ = {isa = PBXFileReference; fileEncoding = 4; lastKnownFileType = sourcecode.cpp.cpp; path = Dealer.cpp; sourceTree = "<group>"; };
		F8D94AA11C10D8F50052A835 /* Dealer.h */ = {isa = PBXFileReference; fileEncoding = 4; lastKnownFileType = sourcecode.c.h; path = Dealer.h; sourceTree = "<group>"; };
/* End PBXFileReference section */

/* Begin PBXFrameworksBuildPhase section */
		F8547A2C1BFBAD4B0052A835 /* Frameworks */ = {
			isa = PBXFrameworksBuildPhase;
			buildActionMask = 2147483647;
			files = (
			);
			runOnlyForDeploymentPostprocessing = 0;
		};
/* End PBXFrameworksBuildPhase section */

/* Begin PBXGroup section */
		F8547A261BFBAD4B0052A835 = {
			isa = PBXGroup;
			children = (
				F8547A311BFBAD4B0052A835 /* Blackjack */,
				F8547A301BFBAD4B0052A835 /* Products */,
			);
			sourceTree = "<group>";
		};
		F8547A301BFBAD4B0052A835 /* Products */ = {
			isa = PBXGroup;
			children = (
				F8547A2F1BFBAD4B0052A835 /* Blackjack */,
			);
			name = Products;
			sourceTree = "<group>";
		};
		F8547A311BFBAD4B0052A835 /* Blackjack */ = {
			isa = PBXGroup;
			children = (
				F8547A321BFBAD4B0052A835 /* main.cpp */,
				F8D94AA01C10D8F50052A835 /* Dealer.cpp */,
				F8D94AA11C10D8F50052A835 /* Dealer.h */,
				F81277AA1BFBDCC90052A835 /* Player.cpp */,
				F81277AB1BFBDCC90052A835 /* Player.h */,
				F8547A391BFBAE080052A835 /* Deck.cpp */,
				F8547A3A1BFBAE080052A835 /* Deck.h */,
			);
			path = Blackjack;
			sourceTree = "<group>";
		};
/* End PBXGroup section */

/* Begin PBXNativeTarget section */
		F8547A2E1BFBAD4B0052A835 /* Blackjack */ = {
			isa = PBXNativeTarget;
			buildConfigurationList = F8547A361BFBAD4B0052A835 /* Build configuration list for PBXNativeTarget "Blackjack" */;
			buildPhases = (
				F8547A2B1BFBAD4B0052A835 /* Sources */,
				F8547A2C1BFBAD4B0052A835 /* Frameworks */,
				F8547A2D1BFBAD4B0052A835 /* CopyFiles */,
			);
			buildRules = (
			);
			dependencies = (
			);
			name = Blackjack;
			productName = Blackjack;
			productReference = F8547A2F1BFBAD4B0052A835 /* Blackjack */;
			productType = "com.apple.product-type.tool";
		};
/* End PBXNativeTarget section */

/* Begin PBXProject section */
		F8547A271BFBAD4B0052A835 /* Project object */ = {
			isa = PBXProject;
			attributes = {
				LastUpgradeCheck = 0800;
				ORGANIZATIONNAME = "Patrick Kelly";
				TargetAttributes = {
					F8547A2E1BFBAD4B0052A835 = {
						CreatedOnToolsVersion = 7.1.1;
						DevelopmentTeam = F25C92T5RZ;
					};
				};
			};
			buildConfigurationList = F8547A2A1BFBAD4B0052A835 /* Build configuration list for PBXProject "Blackjack" */;
			compatibilityVersion = "Xcode 3.2";
			developmentRegion = English;
			hasScannedForEncodings = 0;
			knownRegions = (
				en,
			);
			mainGroup = F8547A261BFBAD4B0052A835;
			productRefGroup = F8547A301BFBAD4B0052A835 /* Products */;
			projectDirPath = "";
			projectRoot = "";
			targets = (
				F8547A2E1BFBAD4B0052A835 /* Blackjack */,
			);
		};
/* End PBXProject section */

/* Begin PBXSourcesBuildPhase section */
		F8547A2B1BFBAD4B0052A835 /* Sources */ = {
			isa = PBXSourcesBuildPhase;
			buildActionMask = 2147483647;
			files = (
				F8D94AA21C10D8F50052A835 /* Dealer.cpp in Sources */,
				F8547A3B1BFBAE080052A835 /* Deck.cpp in Sources */,
				F8547A331BFBAD4B0052A835 /* main.cpp in Sources */,
				F81277AC1BFBDCC90052A835 /* Player.cpp in Sources */,
			);
			runOnlyForDeploymentPostprocessing = 0;
		};
/* End PBXSourcesBuildPhase section */

/* Begin XCBuildConfiguration section */
		F8547A341BFBAD4B0052A835 /* Debug */ = {
			isa = XCBuildConfiguration;
			buildSettings = {
				ALWAYS_SEARCH_USER_PATHS = NO;
				CLANG_CXX_LANGUAGE_STANDARD = "gnu++0x";
				CLANG_CXX_LIBRARY = "compiler-default";
				CLANG_ENABLE_MODULES = YES;
				CLANG_ENABLE_OBJC_ARC = YES;
				CLANG_WARN_BOOL_CONVERSION = YES;
				CLANG_WARN_CONSTANT_CONVERSION = YES;
				CLANG_WARN_DIRECT_OBJC_ISA_USAGE = YES_ERROR;
				CLANG_WARN_EMPTY_BODY = YES;
				CLANG_WARN_ENUM_CONVERSION = YES;
				CLANG_WARN_INT_CONVERSION = YES;
				CLANG_WARN_OBJC_ROOT_CLASS = YES_ERROR;
				CLANG_WARN_UNREACHABLE_CODE = YES;
				CLANG_WARN__DUPLICATE_METHOD_MATCH = YES;
				CODE_SIGN_IDENTITY = "Mac Developer: p1991atrick@me.com (8G49645642)";
				COPY_PHASE_STRIP = NO;
				DEBUG_INFORMATION_FORMAT = dwarf;
				ENABLE_STRICT_OBJC_MSGSEND = YES;
				ENABLE_TESTABILITY = YES;
				GCC_C_LANGUAGE_STANDARD = gnu11;
				GCC_DYNAMIC_NO_PIC = NO;
				GCC_NO_COMMON_BLOCKS = YES;
				GCC_OPTIMIZATION_LEVEL = 0;
				GCC_PREPROCESSOR_DEFINITIONS = (
					"DEBUG=1",
					"$(inherited)",
				);
				GCC_WARN_64_TO_32_BIT_CONVERSION = YES;
				GCC_WARN_ABOUT_RETURN_TYPE = YES_ERROR;
				GCC_WARN_UNDECLARED_SELECTOR = YES;
				GCC_WARN_UNINITIALIZED_AUTOS = YES_AGGRESSIVE;
				GCC_WARN_UNUSED_FUNCTION = YES;
				GCC_WARN_UNUSED_VARIABLE = YES;
				MACOSX_DEPLOYMENT_TARGET = 10.11;
				MTL_ENABLE_DEBUG_INFO = YES;
				ONLY_ACTIVE_ARCH = YES;
				PROVISIONING_PROFILE = "69135a59-4c7d-4f85-a057-5838fc599b92";
				SDKROOT = macosx;
			};
			name = Debug;
		};
		F8547A351BFBAD4B0052A835 /* Release */ = {
			isa = XCBuildConfiguration;
			buildSettings = {
				ALWAYS_SEARCH_USER_PATHS = NO;
				CLANG_CXX_LANGUAGE_STANDARD = "gnu++0x";
				CLANG_CXX_LIBRARY = "compiler-default";
				CLANG_ENABLE_MODULES = YES;
				CLANG_ENABLE_OBJC_ARC = YES;
				CLANG_WARN_BOOL_CONVERSION = YES;
				CLANG_WARN_CONSTANT_CONVERSION = YES;
				CLANG_WARN_DIRECT_OBJC_ISA_USAGE = YES_ERROR;
				CLANG_WARN_EMPTY_BODY = YES;
				CLANG_WARN_ENUM_CONVERSION = YES;
				CLANG_WARN_INT_CONVERSION = YES;
				CLANG_WARN_OBJC_ROOT_CLASS = YES_ERROR;
				CLANG_WARN_UNREACHABLE_CODE = YES;
				CLANG_WARN__DUPLICATE_METHOD_MATCH = YES;
				CODE_SIGN_IDENTITY = "Mac Developer: p1991atrick@me.com (8G49645642)";
				COPY_PHASE_STRIP = NO;
				DEBUG_INFORMATION_FORMAT = "dwarf-with-dsym";
				ENABLE_NS_ASSERTIONS = NO;
				ENABLE_STRICT_OBJC_MSGSEND = YES;
				GCC_C_LANGUAGE_STANDARD = gnu11;
				GCC_NO_COMMON_BLOCKS = YES;
				GCC_WARN_64_TO_32_BIT_CONVERSION = YES;
				GCC_WARN_ABOUT_RETURN_TYPE = YES_ERROR;
				GCC_WARN_UNDECLARED_SELECTOR = YES;
				GCC_WARN_UNINITIALIZED_AUTOS = YES_AGGRESSIVE;
				GCC_WARN_UNUSED_FUNCTION = YES;
				GCC_WARN_UNUSED_VARIABLE = YES;
				MACOSX_DEPLOYMENT_TARGET = 10.11;
				MTL_ENABLE_DEBUG_INFO = NO;
				PROVISIONING_PROFILE = "69135a59-4c7d-4f85-a057-5838fc599b92";
				SDKROOT = macosx;
			};
			name = Release;
		};
		F8547A371BFBAD4B0052A835 /* Debug */ = {
			isa = XCBuildConfiguration;
			buildSettings = {
				CODE_SIGN_IDENTITY = "Mac Developer";
				"CODE_SIGN_IDENTITY[sdk=macosx*]" = "Mac Developer";
				PRODUCT_NAME = "$(TARGET_NAME)";
				PROVISIONING_PROFILE = "";
			};
			name = Debug;
		};
		F8547A381BFBAD4B0052A835 /* Release */ = {
			isa = XCBuildConfiguration;
			buildSettings = {
				CODE_SIGN_IDENTITY = "Mac Developer";
				"CODE_SIGN_IDENTITY[sdk=macosx*]" = "Mac Developer";
				PRODUCT_NAME = "$(TARGET_NAME)";
				PROVISIONING_PROFILE = "";
			};
			name = Release;
		};
/* End XCBuildConfiguration section */

/* Begin XCConfigurationList section */
		F8547A2A1BFBAD4B0052A835 /* Build configuration list for PBXProject "Blackjack" */ = {
			isa = XCConfigurationList;
			buildConfigurations = (
				F8547A341BFBAD4B0052A835 /* Debug */,
				F8547A351BFBAD4B0052A835 /* Release */,
			);
			defaultConfigurationIsVisible = 0;
			defaultConfigurationName = Release;
		};
		F8547A361BFBAD4B0052A835 /* Build configuration list for PBXNativeTarget "Blackjack" */ = {
			isa = XCConfigurationList;
			buildConfigurations = (
				F8547A371BFBAD4B0052A835 /* Debug */,
				F8547A381BFBAD4B0052A835 /* Release */,
			);
			defaultConfigurationIsVisible = 0;
			defaultConfigurationName = Release;
		};
/* End XCConfigurationList section */
	};
	rootObject = F8547A271BFBAD4B0052A835 /* Project object */;
}
